// !$*UTF8*$!
{
	archiveVersion = 1;
	classes = {
	};
	objectVersion = 55;
	objects = {

/* Begin PBXBuildFile section */
		FC69DEC828C42CE300BD0334 /* XPCExampleApp.swift in Sources */ = {isa = PBXBuildFile; fileRef = FC69DEC728C42CE300BD0334 /* XPCExampleApp.swift */; };
		FC69DECA28C42CE300BD0334 /* ContentView.swift in Sources */ = {isa = PBXBuildFile; fileRef = FC69DEC928C42CE300BD0334 /* ContentView.swift */; };
		FC69DECC28C42CE400BD0334 /* Assets.xcassets in Resources */ = {isa = PBXBuildFile; fileRef = FC69DECB28C42CE400BD0334 /* Assets.xcassets */; };
		FC69DEE128C42DFC00BD0334 /* main.swift in Sources */ = {isa = PBXBuildFile; fileRef = FC69DEE028C42DFC00BD0334 /* main.swift */; };
		FC69DEE528C42DFC00BD0334 /* ExampleService.xpc in Embed XPC Services */ = {isa = PBXBuildFile; fileRef = FC69DEDA28C42DFB00BD0334 /* ExampleService.xpc */; settings = {ATTRIBUTES = (RemoveHeadersOnCopy, ); }; };
		FC69DEEA28C42F0B00BD0334 /* ExampleServiceProtocol.swift in Sources */ = {isa = PBXBuildFile; fileRef = FC69DEDC28C42DFB00BD0334 /* ExampleServiceProtocol.swift */; };
		FC69DEEB28C42F4500BD0334 /* ExampleService.swift in Sources */ = {isa = PBXBuildFile; fileRef = FC69DEDD28C42DFC00BD0334 /* ExampleService.swift */; };
/* End PBXBuildFile section */

/* Begin PBXContainerItemProxy section */
		FC69DEE328C42DFC00BD0334 /* PBXContainerItemProxy */ = {
			isa = PBXContainerItemProxy;
			containerPortal = FC69DEBC28C42CE300BD0334 /* Project object */;
			proxyType = 1;
			remoteGlobalIDString = FC69DED928C42DFB00BD0334;
			remoteInfo = ExampleService;
		};
/* End PBXContainerItemProxy section */

/* Begin PBXCopyFilesBuildPhase section */
		FC69DEE928C42DFC00BD0334 /* Embed XPC Services */ = {
			isa = PBXCopyFilesBuildPhase;
			buildActionMask = 2147483647;
			dstPath = "$(CONTENTS_FOLDER_PATH)/XPCServices";
			dstSubfolderSpec = 16;
			files = (
				FC69DEE528C42DFC00BD0334 /* ExampleService.xpc in Embed XPC Services */,
			);
			name = "Embed XPC Services";
			runOnlyForDeploymentPostprocessing = 0;
		};
/* End PBXCopyFilesBuildPhase section */

/* Begin PBXFileReference section */
		FC69DEC428C42CE300BD0334 /* XPCExample.app */ = {isa = PBXFileReference; explicitFileType = wrapper.application; includeInIndex = 0; path = XPCExample.app; sourceTree = BUILT_PRODUCTS_DIR; };
		FC69DEC728C42CE300BD0334 /* XPCExampleApp.swift */ = {isa = PBXFileReference; lastKnownFileType = sourcecode.swift; path = XPCExampleApp.swift; sourceTree = "<group>"; };
		FC69DEC928C42CE300BD0334 /* ContentView.swift */ = {isa = PBXFileReference; lastKnownFileType = sourcecode.swift; path = ContentView.swift; sourceTree = "<group>"; };
		FC69DECB28C42CE400BD0334 /* Assets.xcassets */ = {isa = PBXFileReference; lastKnownFileType = folder.assetcatalog; path = Assets.xcassets; sourceTree = "<group>"; };
		FC69DED028C42CE400BD0334 /* XPCExample.entitlements */ = {isa = PBXFileReference; lastKnownFileType = text.plist.entitlements; path = XPCExample.entitlements; sourceTree = "<group>"; };
		FC69DEDA28C42DFB00BD0334 /* ExampleService.xpc */ = {isa = PBXFileReference; explicitFileType = "wrapper.xpc-service"; includeInIndex = 0; path = ExampleService.xpc; sourceTree = BUILT_PRODUCTS_DIR; };
		FC69DEDC28C42DFB00BD0334 /* ExampleServiceProtocol.swift */ = {isa = PBXFileReference; lastKnownFileType = sourcecode.swift; path = ExampleServiceProtocol.swift; sourceTree = "<group>"; xcLanguageSpecificationIdentifier = xcode.lang.swift; };
		FC69DEDD28C42DFC00BD0334 /* ExampleService.swift */ = {isa = PBXFileReference; lastKnownFileType = sourcecode.swift; path = ExampleService.swift; sourceTree = "<group>"; xcLanguageSpecificationIdentifier = xcode.lang.swift; };
		FC69DEE028C42DFC00BD0334 /* main.swift */ = {isa = PBXFileReference; lastKnownFileType = sourcecode.swift; path = main.swift; sourceTree = "<group>"; xcLanguageSpecificationIdentifier = xcode.lang.swift; };
		FC69DEE228C42DFC00BD0334 /* Info.plist */ = {isa = PBXFileReference; lastKnownFileType = text.plist.xml; path = Info.plist; sourceTree = "<group>"; };
/* End PBXFileReference section */

/* Begin PBXFrameworksBuildPhase section */
		FC69DEC128C42CE300BD0334 /* Frameworks */ = {
			isa = PBXFrameworksBuildPhase;
			buildActionMask = 2147483647;
			files = (
			);
			runOnlyForDeploymentPostprocessing = 0;
		};
		FC69DED728C42DFB00BD0334 /* Frameworks */ = {
			isa = PBXFrameworksBuildPhase;
			buildActionMask = 2147483647;
			files = (
			);
			runOnlyForDeploymentPostprocessing = 0;
		};
/* End PBXFrameworksBuildPhase section */

/* Begin PBXGroup section */
		FC69DEBB28C42CE300BD0334 = {
			isa = PBXGroup;
			children = (
				FC69DEC628C42CE300BD0334 /* XPCExample */,
				FC69DEDB28C42DFB00BD0334 /* ExampleService */,
				FC69DEC528C42CE300BD0334 /* Products */,
			);
			sourceTree = "<group>";
		};
		FC69DEC528C42CE300BD0334 /* Products */ = {
			isa = PBXGroup;
			children = (
				FC69DEC428C42CE300BD0334 /* XPCExample.app */,
				FC69DEDA28C42DFB00BD0334 /* ExampleService.xpc */,
			);
			name = Products;
			sourceTree = "<group>";
		};
		FC69DEC628C42CE300BD0334 /* XPCExample */ = {
			isa = PBXGroup;
			children = (
				FC69DEC728C42CE300BD0334 /* XPCExampleApp.swift */,
				FC69DEC928C42CE300BD0334 /* ContentView.swift */,
				FC69DECB28C42CE400BD0334 /* Assets.xcassets */,
				FC69DED028C42CE400BD0334 /* XPCExample.entitlements */,
			);
			path = XPCExample;
			sourceTree = "<group>";
		};
		FC69DEDB28C42DFB00BD0334 /* ExampleService */ = {
			isa = PBXGroup;
			children = (
				FC69DEDC28C42DFB00BD0334 /* ExampleServiceProtocol.swift */,
				FC69DEDD28C42DFC00BD0334 /* ExampleService.swift */,
				FC69DEE028C42DFC00BD0334 /* main.swift */,
				FC69DEE228C42DFC00BD0334 /* Info.plist */,
			);
			path = ExampleService;
			sourceTree = "<group>";
		};
/* End PBXGroup section */

/* Begin PBXNativeTarget section */
		FC69DEC328C42CE300BD0334 /* XPCExample */ = {
			isa = PBXNativeTarget;
			buildConfigurationList = FC69DED328C42CE400BD0334 /* Build configuration list for PBXNativeTarget "XPCExample" */;
			buildPhases = (
				FC69DEC028C42CE300BD0334 /* Sources */,
				FC69DEC128C42CE300BD0334 /* Frameworks */,
				FC69DEC228C42CE300BD0334 /* Resources */,
				FC69DEE928C42DFC00BD0334 /* Embed XPC Services */,
			);
			buildRules = (
			);
			dependencies = (
				FC69DEE428C42DFC00BD0334 /* PBXTargetDependency */,
			);
			name = XPCExample;
			productName = XPCExample;
			productReference = FC69DEC428C42CE300BD0334 /* XPCExample.app */;
			productType = "com.apple.product-type.application";
		};
		FC69DED928C42DFB00BD0334 /* ExampleService */ = {
			isa = PBXNativeTarget;
			buildConfigurationList = FC69DEE628C42DFC00BD0334 /* Build configuration list for PBXNativeTarget "ExampleService" */;
			buildPhases = (
				FC69DED628C42DFB00BD0334 /* Sources */,
				FC69DED728C42DFB00BD0334 /* Frameworks */,
				FC69DED828C42DFB00BD0334 /* Resources */,
			);
			buildRules = (
			);
			dependencies = (
			);
			name = ExampleService;
			productName = ExampleService;
			productReference = FC69DEDA28C42DFB00BD0334 /* ExampleService.xpc */;
			productType = "com.apple.product-type.xpc-service";
		};
/* End PBXNativeTarget section */

/* Begin PBXProject section */
		FC69DEBC28C42CE300BD0334 /* Project object */ = {
			isa = PBXProject;
			attributes = {
				BuildIndependentTargetsInParallel = 1;
				LastSwiftUpdateCheck = 1330;
				LastUpgradeCheck = 1330;
				TargetAttributes = {
					FC69DEC328C42CE300BD0334 = {
						CreatedOnToolsVersion = 13.3.1;
					};
					FC69DED928C42DFB00BD0334 = {
						CreatedOnToolsVersion = 13.3.1;
					};
				};
			};
			buildConfigurationList = FC69DEBF28C42CE300BD0334 /* Build configuration list for PBXProject "XPCExample" */;
			compatibilityVersion = "Xcode 13.0";
			developmentRegion = en;
			hasScannedForEncodings = 0;
			knownRegions = (
				en,
				Base,
			);
			mainGroup = FC69DEBB28C42CE300BD0334;
			productRefGroup = FC69DEC528C42CE300BD0334 /* Products */;
			projectDirPath = "";
			projectRoot = "";
			targets = (
				FC69DEC328C42CE300BD0334 /* XPCExample */,
				FC69DED928C42DFB00BD0334 /* ExampleService */,
			);
		};
/* End PBXProject section */

/* Begin PBXResourcesBuildPhase section */
		FC69DEC228C42CE300BD0334 /* Resources */ = {
			isa = PBXResourcesBuildPhase;
			buildActionMask = 2147483647;
			files = (
				FC69DECC28C42CE400BD0334 /* Assets.xcassets in Resources */,
			);
			runOnlyForDeploymentPostprocessing = 0;
		};
		FC69DED828C42DFB00BD0334 /* Resources */ = {
			isa = PBXResourcesBuildPhase;
			buildActionMask = 2147483647;
			files = (
			);
			runOnlyForDeploymentPostprocessing = 0;
		};
/* End PBXResourcesBuildPhase section */

/* Begin PBXSourcesBuildPhase section */
		FC69DEC028C42CE300BD0334 /* Sources */ = {
			isa = PBXSourcesBuildPhase;
			buildActionMask = 2147483647;
			files = (
				FC69DECA28C42CE300BD0334 /* ContentView.swift in Sources */,
				FC69DEC828C42CE300BD0334 /* XPCExampleApp.swift in Sources */,
			);
			runOnlyForDeploymentPostprocessing = 0;
		};
		FC69DED628C42DFB00BD0334 /* Sources */ = {
			isa = PBXSourcesBuildPhase;
			buildActionMask = 2147483647;
			files = (
				FC69DEEA28C42F0B00BD0334 /* ExampleServiceProtocol.swift in Sources */,
				FC69DEEB28C42F4500BD0334 /* ExampleService.swift in Sources */,
				FC69DEE128C42DFC00BD0334 /* main.swift in Sources */,
			);
			runOnlyForDeploymentPostprocessing = 0;
		};
/* End PBXSourcesBuildPhase section */

/* Begin PBXTargetDependency section */
		FC69DEE428C42DFC00BD0334 /* PBXTargetDependency */ = {
			isa = PBXTargetDependency;
			target = FC69DED928C42DFB00BD0334 /* ExampleService */;
			targetProxy = FC69DEE328C42DFC00BD0334 /* PBXContainerItemProxy */;
		};
/* End PBXTargetDependency section */

/* Begin XCBuildConfiguration section */
		FC69DED128C42CE400BD0334 /* Debug */ = {
			isa = XCBuildConfiguration;
			buildSettings = {
				ALWAYS_SEARCH_USER_PATHS = NO;
				CLANG_ANALYZER_NONNULL = YES;
				CLANG_ANALYZER_NUMBER_OBJECT_CONVERSION = YES_AGGRESSIVE;
				CLANG_CXX_LANGUAGE_STANDARD = "gnu++17";
				CLANG_ENABLE_MODULES = YES;
				CLANG_ENABLE_OBJC_ARC = YES;
				CLANG_ENABLE_OBJC_WEAK = YES;
				CLANG_WARN_BLOCK_CAPTURE_AUTORELEASING = YES;
				CLANG_WARN_BOOL_CONVERSION = YES;
				CLANG_WARN_COMMA = YES;
				CLANG_WARN_CONSTANT_CONVERSION = YES;
				CLANG_WARN_DEPRECATED_OBJC_IMPLEMENTATIONS = YES;
				CLANG_WARN_DIRECT_OBJC_ISA_USAGE = YES_ERROR;
				CLANG_WARN_DOCUMENTATION_COMMENTS = YES;
				CLANG_WARN_EMPTY_BODY = YES;
				CLANG_WARN_ENUM_CONVERSION = YES;
				CLANG_WARN_INFINITE_RECURSION = YES;
				CLANG_WARN_INT_CONVERSION = YES;
				CLANG_WARN_NON_LITERAL_NULL_CONVERSION = YES;
				CLANG_WARN_OBJC_IMPLICIT_RETAIN_SELF = YES;
				CLANG_WARN_OBJC_LITERAL_CONVERSION = YES;
				CLANG_WARN_OBJC_ROOT_CLASS = YES_ERROR;
				CLANG_WARN_QUOTED_INCLUDE_IN_FRAMEWORK_HEADER = YES;
				CLANG_WARN_RANGE_LOOP_ANALYSIS = YES;
				CLANG_WARN_STRICT_PROTOTYPES = YES;
				CLANG_WARN_SUSPICIOUS_MOVE = YES;
				CLANG_WARN_UNGUARDED_AVAILABILITY = YES_AGGRESSIVE;
				CLANG_WARN_UNREACHABLE_CODE = YES;
				CLANG_WARN__DUPLICATE_METHOD_MATCH = YES;
				COPY_PHASE_STRIP = NO;
				DEBUG_INFORMATION_FORMAT = dwarf;
				ENABLE_STRICT_OBJC_MSGSEND = YES;
				ENABLE_TESTABILITY = YES;
				GCC_C_LANGUAGE_STANDARD = gnu11;
				GCC_DYNAMIC_NO_PIC = NO;
				GCC_NO_COMMON_BLOCKS = YES;
				GCC_OPTIMIZATION_LEVEL = 0;
				GCC_PREPROCESSOR_DEFINITIONS = (
					"DEBUG=1",
					"$(inherited)",
				);
				GCC_WARN_64_TO_32_BIT_CONVERSION = YES;
				GCC_WARN_ABOUT_RETURN_TYPE = YES_ERROR;
				GCC_WARN_UNDECLARED_SELECTOR = YES;
				GCC_WARN_UNINITIALIZED_AUTOS = YES_AGGRESSIVE;
				GCC_WARN_UNUSED_FUNCTION = YES;
				GCC_WARN_UNUSED_VARIABLE = YES;
				MACOSX_DEPLOYMENT_TARGET = 12.3;
				MTL_ENABLE_DEBUG_INFO = INCLUDE_SOURCE;
				MTL_FAST_MATH = YES;
				ONLY_ACTIVE_ARCH = YES;
				SDKROOT = macosx;
				SWIFT_ACTIVE_COMPILATION_CONDITIONS = DEBUG;
				SWIFT_OPTIMIZATION_LEVEL = "-Onone";
			};
			name = Debug;
		};
		FC69DED228C42CE400BD0334 /* Release */ = {
			isa = XCBuildConfiguration;
			buildSettings = {
				ALWAYS_SEARCH_USER_PATHS = NO;
				CLANG_ANALYZER_NONNULL = YES;
				CLANG_ANALYZER_NUMBER_OBJECT_CONVERSION = YES_AGGRESSIVE;
				CLANG_CXX_LANGUAGE_STANDARD = "gnu++17";
				CLANG_ENABLE_MODULES = YES;
				CLANG_ENABLE_OBJC_ARC = YES;
				CLANG_ENABLE_OBJC_WEAK = YES;
				CLANG_WARN_BLOCK_CAPTURE_AUTORELEASING = YES;
				CLANG_WARN_BOOL_CONVERSION = YES;
				CLANG_WARN_COMMA = YES;
				CLANG_WARN_CONSTANT_CONVERSION = YES;
				CLANG_WARN_DEPRECATED_OBJC_IMPLEMENTATIONS = YES;
				CLANG_WARN_DIRECT_OBJC_ISA_USAGE = YES_ERROR;
				CLANG_WARN_DOCUMENTATION_COMMENTS = YES;
				CLANG_WARN_EMPTY_BODY = YES;
				CLANG_WARN_ENUM_CONVERSION = YES;
				CLANG_WARN_INFINITE_RECURSION = YES;
				CLANG_WARN_INT_CONVERSION = YES;
				CLANG_WARN_NON_LITERAL_NULL_CONVERSION = YES;
				CLANG_WARN_OBJC_IMPLICIT_RETAIN_SELF = YES;
				CLANG_WARN_OBJC_LITERAL_CONVERSION = YES;
				CLANG_WARN_OBJC_ROOT_CLASS = YES_ERROR;
				CLANG_WARN_QUOTED_INCLUDE_IN_FRAMEWORK_HEADER = YES;
				CLANG_WARN_RANGE_LOOP_ANALYSIS = YES;
				CLANG_WARN_STRICT_PROTOTYPES = YES;
				CLANG_WARN_SUSPICIOUS_MOVE = YES;
				CLANG_WARN_UNGUARDED_AVAILABILITY = YES_AGGRESSIVE;
				CLANG_WARN_UNREACHABLE_CODE = YES;
				CLANG_WARN__DUPLICATE_METHOD_MATCH = YES;
				COPY_PHASE_STRIP = NO;
				DEBUG_INFORMATION_FORMAT = "dwarf-with-dsym";
				ENABLE_NS_ASSERTIONS = NO;
				ENABLE_STRICT_OBJC_MSGSEND = YES;
				GCC_C_LANGUAGE_STANDARD = gnu11;
				GCC_NO_COMMON_BLOCKS = YES;
				GCC_WARN_64_TO_32_BIT_CONVERSION = YES;
				GCC_WARN_ABOUT_RETURN_TYPE = YES_ERROR;
				GCC_WARN_UNDECLARED_SELECTOR = YES;
				GCC_WARN_UNINITIALIZED_AUTOS = YES_AGGRESSIVE;
				GCC_WARN_UNUSED_FUNCTION = YES;
				GCC_WARN_UNUSED_VARIABLE = YES;
				MACOSX_DEPLOYMENT_TARGET = 12.3;
				MTL_ENABLE_DEBUG_INFO = NO;
				MTL_FAST_MATH = YES;
				SDKROOT = macosx;
				SWIFT_COMPILATION_MODE = wholemodule;
				SWIFT_OPTIMIZATION_LEVEL = "-O";
			};
			name = Release;
		};
		FC69DED428C42CE400BD0334 /* Debug */ = {
			isa = XCBuildConfiguration;
			buildSettings = {
				ASSETCATALOG_COMPILER_APPICON_NAME = AppIcon;
				ASSETCATALOG_COMPILER_GLOBAL_ACCENT_COLOR_NAME = AccentColor;
				CODE_SIGN_ENTITLEMENTS = XPCExample/XPCExample.entitlements;
				CODE_SIGN_STYLE = Automatic;
				COMBINE_HIDPI_IMAGES = YES;
				CURRENT_PROJECT_VERSION = 1;
				ENABLE_PREVIEWS = YES;
				GENERATE_INFOPLIST_FILE = YES;
				INFOPLIST_KEY_NSHumanReadableCopyright = "";
				LD_RUNPATH_SEARCH_PATHS = (
					"$(inherited)",
					"@executable_path/../Frameworks",
				);
				MARKETING_VERSION = 1.0;
				PRODUCT_BUNDLE_IDENTIFIER = com.17degrees.XPCExample;
				PRODUCT_NAME = "$(TARGET_NAME)";
				SWIFT_EMIT_LOC_STRINGS = YES;
				SWIFT_VERSION = 5.0;
			};
			name = Debug;
		};
		FC69DED528C42CE400BD0334 /* Release */ = {
			isa = XCBuildConfiguration;
			buildSettings = {
				ASSETCATALOG_COMPILER_APPICON_NAME = AppIcon;
				ASSETCATALOG_COMPILER_GLOBAL_ACCENT_COLOR_NAME = AccentColor;
				CODE_SIGN_ENTITLEMENTS = XPCExample/XPCExample.entitlements;
				CODE_SIGN_STYLE = Automatic;
				COMBINE_HIDPI_IMAGES = YES;
				CURRENT_PROJECT_VERSION = 1;
				ENABLE_PREVIEWS = YES;
				GENERATE_INFOPLIST_FILE = YES;
				INFOPLIST_KEY_NSHumanReadableCopyright = "";
				LD_RUNPATH_SEARCH_PATHS = (
					"$(inherited)",
					"@executable_path/../Frameworks",
				);
				MARKETING_VERSION = 1.0;
				PRODUCT_BUNDLE_IDENTIFIER = com.17degrees.XPCExample;
				PRODUCT_NAME = "$(TARGET_NAME)";
				SWIFT_EMIT_LOC_STRINGS = YES;
				SWIFT_VERSION = 5.0;
			};
			name = Release;
		};
		FC69DEE728C42DFC00BD0334 /* Debug */ = {
			isa = XCBuildConfiguration;
			buildSettings = {
				CODE_SIGN_STYLE = Automatic;
				COMBINE_HIDPI_IMAGES = YES;
				CURRENT_PROJECT_VERSION = 1;
				GENERATE_INFOPLIST_FILE = YES;
				INFOPLIST_FILE = ExampleService/Info.plist;
				INFOPLIST_KEY_CFBundleDisplayName = ExampleService;
				INFOPLIST_KEY_NSHumanReadableCopyright = "";
				MARKETING_VERSION = 1.0;
				PRODUCT_BUNDLE_IDENTIFIER = com.17degrees.ExampleService;
				PRODUCT_NAME = "$(TARGET_NAME)";
				SKIP_INSTALL = YES;
				SWIFT_EMIT_LOC_STRINGS = YES;
				SWIFT_VERSION = 5.0;
			};
			name = Debug;
		};
		FC69DEE828C42DFC00BD0334 /* Release */ = {
			isa = XCBuildConfiguration;
			buildSettings = {
				CODE_SIGN_STYLE = Automatic;
				COMBINE_HIDPI_IMAGES = YES;
				CURRENT_PROJECT_VERSION = 1;
				GENERATE_INFOPLIST_FILE = YES;
				INFOPLIST_FILE = ExampleService/Info.plist;
				INFOPLIST_KEY_CFBundleDisplayName = ExampleService;
				INFOPLIST_KEY_NSHumanReadableCopyright = "";
				MARKETING_VERSION = 1.0;
				PRODUCT_BUNDLE_IDENTIFIER = com.17degrees.ExampleService;
				PRODUCT_NAME = "$(TARGET_NAME)";
				SKIP_INSTALL = YES;
				SWIFT_EMIT_LOC_STRINGS = YES;
				SWIFT_VERSION = 5.0;
			};
			name = Release;
		};
/* End XCBuildConfiguration section */

/* Begin XCConfigurationList section */
		FC69DEBF28C42CE300BD0334 /* Build configuration list for PBXProject "XPCExample" */ = {
			isa = XCConfigurationList;
			buildConfigurations = (
				FC69DED128C42CE400BD0334 /* Debug */,
				FC69DED228C42CE400BD0334 /* Release */,
			);
			defaultConfigurationIsVisible = 0;
			defaultConfigurationName = Release;
		};
		FC69DED328C42CE400BD0334 /* Build configuration list for PBXNativeTarget "XPCExample" */ = {
			isa = XCConfigurationList;
			buildConfigurations = (
				FC69DED428C42CE400BD0334 /* Debug */,
				FC69DED528C42CE400BD0334 /* Release */,
			);
			defaultConfigurationIsVisible = 0;
			defaultConfigurationName = Release;
		};
		FC69DEE628C42DFC00BD0334 /* Build configuration list for PBXNativeTarget "ExampleService" */ = {
			isa = XCConfigurationList;
			buildConfigurations = (
				FC69DEE728C42DFC00BD0334 /* Debug */,
				FC69DEE828C42DFC00BD0334 /* Release */,
			);
			defaultConfigurationIsVisible = 0;
			defaultConfigurationName = Release;
		};
/* End XCConfigurationList section */
	};
	rootObject = FC69DEBC28C42CE300BD0334 /* Project object */;
}
